
Microsoft Visual Studio Solution File, Format Version 12.00
# Visual Studio Version 17
VisualStudioVersion = 17.3.32929.385
MinimumVisualStudioVersion = 10.0.40219.1
Project("{FAE04EC0-301F-11D3-BF4B-00C04F79EFBC}") = "OneTimePassword_Problem", "OneTimePassword_Problem.csproj", "{B3B2A5AE-1F4E-4AF3-8B89-F2597D026640}"
EndProject
Global
	GlobalSection(SolutionConfigurationPlatforms) = preSolution
		Debug|Any CPU = Debug|Any CPU
		Release|Any CPU = Release|Any CPU
	EndGlobalSection
	GlobalSection(ProjectConfigurationPlatforms) = postSolution
		{B3B2A5AE-1F4E-4AF3-8B89-F2597D026640}.Debug|Any CPU.ActiveCfg = Debug|Any CPU
		{B3B2A5AE-1F4E-4AF3-8B89-F2597D026640}.Debug|Any CPU.Build.0 = Debug|Any CPU
		{B3B2A5AE-1F4E-4AF3-8B89-F2597D026640}.Release|Any CPU.ActiveCfg = Release|Any CPU
		{B3B2A5AE-1F4E-4AF3-8B89-F2597D026640}.Release|Any CPU.Build.0 = Release|Any CPU
	EndGlobalSection
	GlobalSection(SolutionProperties) = preSolution
		HideSolutionNode = FALSE
	EndGlobalSection
	GlobalSection(ExtensibilityGlobals) = postSolution
		SolutionGuid = {3579602E-A7F4-4443-8148-D5230B2E6CF7}
	EndGlobalSection
EndGlobal
